
Microsoft Visual Studio Solution File, Format Version 12.00
# Visual Studio Version 16
VisualStudioVersion = 16.0.29102.190
MinimumVisualStudioVersion = 10.0.40219.1
Project("{FAE04EC0-301F-11D3-BF4B-00C04F79EFBC}") = "European Roulette Main Version", "European Roulette Main Version\European Roulette Main Version.csproj", "{DC83DE9A-88AD-45B2-B809-91A0C5A4147B}"
EndProject
Global
	GlobalSection(SolutionConfigurationPlatforms) = preSolution
		Debug|Any CPU = Debug|Any CPU
		Release|Any CPU = Release|Any CPU
	EndGlobalSection
	GlobalSection(ProjectConfigurationPlatforms) = postSolution
		{DC83DE9A-88AD-45B2-B809-91A0C5A4147B}.Debug|Any CPU.ActiveCfg = Debug|Any CPU
		{DC83DE9A-88AD-45B2-B809-91A0C5A4147B}.Debug|Any CPU.Build.0 = Debug|Any CPU
		{DC83DE9A-88AD-45B2-B809-91A0C5A4147B}.Release|Any CPU.ActiveCfg = Release|Any CPU
		{DC83DE9A-88AD-45B2-B809-91A0C5A4147B}.Release|Any CPU.Build.0 = Release|Any CPU
	EndGlobalSection
	GlobalSection(SolutionProperties) = preSolution
		HideSolutionNode = FALSE
	EndGlobalSection
	GlobalSection(ExtensibilityGlobals) = postSolution
		SolutionGuid = {FA2C2203-7107-493E-AA84-20E42C719A7E}
	EndGlobalSection
EndGlobal
